// !$*UTF8*$!
{
	archiveVersion = 1;
	classes = {
	};
	objectVersion = 48;
	objects = {

/* Begin PBXBuildFile section */
		C681E8B21FA5C936000C5168 /* PlaySoundsViewController+Audio.swift in Sources */ = {isa = PBXBuildFile; fileRef = C681E8B11FA5C936000C5168 /* PlaySoundsViewController+Audio.swift */; };
		C6FE2D091FA46C020005AB44 /* AppDelegate.swift in Sources */ = {isa = PBXBuildFile; fileRef = C6FE2D081FA46C020005AB44 /* AppDelegate.swift */; };
		C6FE2D0B1FA46C020005AB44 /* RecordsSoundsViewController.swift in Sources */ = {isa = PBXBuildFile; fileRef = C6FE2D0A1FA46C020005AB44 /* RecordsSoundsViewController.swift */; };
		C6FE2D0E1FA46C020005AB44 /* Main.storyboard in Resources */ = {isa = PBXBuildFile; fileRef = C6FE2D0C1FA46C020005AB44 /* Main.storyboard */; };
		C6FE2D101FA46C020005AB44 /* Assets.xcassets in Resources */ = {isa = PBXBuildFile; fileRef = C6FE2D0F1FA46C020005AB44 /* Assets.xcassets */; };
		C6FE2D131FA46C020005AB44 /* LaunchScreen.storyboard in Resources */ = {isa = PBXBuildFile; fileRef = C6FE2D111FA46C020005AB44 /* LaunchScreen.storyboard */; };
		C6FE2D1E1FA46C020005AB44 /* PitchPerfectTests.swift in Sources */ = {isa = PBXBuildFile; fileRef = C6FE2D1D1FA46C020005AB44 /* PitchPerfectTests.swift */; };
		C6FE2D291FA46C020005AB44 /* PitchPerfectUITests.swift in Sources */ = {isa = PBXBuildFile; fileRef = C6FE2D281FA46C020005AB44 /* PitchPerfectUITests.swift */; };
		C6FE2D371FA48EEA0005AB44 /* PlaySoundsViewController.swift in Sources */ = {isa = PBXBuildFile; fileRef = C6FE2D361FA48EEA0005AB44 /* PlaySoundsViewController.swift */; };
/* End PBXBuildFile section */

/* Begin PBXContainerItemProxy section */
		C6FE2D1A1FA46C020005AB44 /* PBXContainerItemProxy */ = {
			isa = PBXContainerItemProxy;
			containerPortal = C6FE2CFD1FA46C020005AB44 /* Project object */;
			proxyType = 1;
			remoteGlobalIDString = C6FE2D041FA46C020005AB44;
			remoteInfo = PitchPerfect;
		};
		C6FE2D251FA46C020005AB44 /* PBXContainerItemProxy */ = {
			isa = PBXContainerItemProxy;
			containerPortal = C6FE2CFD1FA46C020005AB44 /* Project object */;
			proxyType = 1;
			remoteGlobalIDString = C6FE2D041FA46C020005AB44;
			remoteInfo = PitchPerfect;
		};
/* End PBXContainerItemProxy section */

/* Begin PBXFileReference section */
		C681E8B11FA5C936000C5168 /* PlaySoundsViewController+Audio.swift */ = {isa = PBXFileReference; lastKnownFileType = sourcecode.swift; path = "PlaySoundsViewController+Audio.swift"; sourceTree = "<group>"; };
		C6FE2D051FA46C020005AB44 /* PitchPerfect.app */ = {isa = PBXFileReference; explicitFileType = wrapper.application; includeInIndex = 0; path = PitchPerfect.app; sourceTree = BUILT_PRODUCTS_DIR; };
		C6FE2D081FA46C020005AB44 /* AppDelegate.swift */ = {isa = PBXFileReference; lastKnownFileType = sourcecode.swift; path = AppDelegate.swift; sourceTree = "<group>"; };
		C6FE2D0A1FA46C020005AB44 /* RecordsSoundsViewController.swift */ = {isa = PBXFileReference; lastKnownFileType = sourcecode.swift; path = RecordsSoundsViewController.swift; sourceTree = "<group>"; };
		C6FE2D0D1FA46C020005AB44 /* Base */ = {isa = PBXFileReference; lastKnownFileType = file.storyboard; name = Base; path = Base.lproj/Main.storyboard; sourceTree = "<group>"; };
		C6FE2D0F1FA46C020005AB44 /* Assets.xcassets */ = {isa = PBXFileReference; lastKnownFileType = folder.assetcatalog; path = Assets.xcassets; sourceTree = "<group>"; };
		C6FE2D121FA46C020005AB44 /* Base */ = {isa = PBXFileReference; lastKnownFileType = file.storyboard; name = Base; path = Base.lproj/LaunchScreen.storyboard; sourceTree = "<group>"; };
		C6FE2D141FA46C020005AB44 /* Info.plist */ = {isa = PBXFileReference; lastKnownFileType = text.plist.xml; path = Info.plist; sourceTree = "<group>"; };
		C6FE2D191FA46C020005AB44 /* PitchPerfectTests.xctest */ = {isa = PBXFileReference; explicitFileType = wrapper.cfbundle; includeInIndex = 0; path = PitchPerfectTests.xctest; sourceTree = BUILT_PRODUCTS_DIR; };
		C6FE2D1D1FA46C020005AB44 /* PitchPerfectTests.swift */ = {isa = PBXFileReference; lastKnownFileType = sourcecode.swift; path = PitchPerfectTests.swift; sourceTree = "<group>"; };
		C6FE2D1F1FA46C020005AB44 /* Info.plist */ = {isa = PBXFileReference; lastKnownFileType = text.plist.xml; path = Info.plist; sourceTree = "<group>"; };
		C6FE2D241FA46C020005AB44 /* PitchPerfectUITests.xctest */ = {isa = PBXFileReference; explicitFileType = wrapper.cfbundle; includeInIndex = 0; path = PitchPerfectUITests.xctest; sourceTree = BUILT_PRODUCTS_DIR; };
		C6FE2D281FA46C020005AB44 /* PitchPerfectUITests.swift */ = {isa = PBXFileReference; lastKnownFileType = sourcecode.swift; path = PitchPerfectUITests.swift; sourceTree = "<group>"; };
		C6FE2D2A1FA46C020005AB44 /* Info.plist */ = {isa = PBXFileReference; lastKnownFileType = text.plist.xml; path = Info.plist; sourceTree = "<group>"; };
		C6FE2D361FA48EEA0005AB44 /* PlaySoundsViewController.swift */ = {isa = PBXFileReference; lastKnownFileType = sourcecode.swift; path = PlaySoundsViewController.swift; sourceTree = "<group>"; };
/* End PBXFileReference section */

/* Begin PBXFrameworksBuildPhase section */
		C6FE2D021FA46C020005AB44 /* Frameworks */ = {
			isa = PBXFrameworksBuildPhase;
			buildActionMask = 2147483647;
			files = (
			);
			runOnlyForDeploymentPostprocessing = 0;
		};
		C6FE2D161FA46C020005AB44 /* Frameworks */ = {
			isa = PBXFrameworksBuildPhase;
			buildActionMask = 2147483647;
			files = (
			);
			runOnlyForDeploymentPostprocessing = 0;
		};
		C6FE2D211FA46C020005AB44 /* Frameworks */ = {
			isa = PBXFrameworksBuildPhase;
			buildActionMask = 2147483647;
			files = (
			);
			runOnlyForDeploymentPostprocessing = 0;
		};
/* End PBXFrameworksBuildPhase section */

/* Begin PBXGroup section */
		C6FE2CFC1FA46C020005AB44 = {
			isa = PBXGroup;
			children = (
				C6FE2D071FA46C020005AB44 /* PitchPerfect */,
				C6FE2D1C1FA46C020005AB44 /* PitchPerfectTests */,
				C6FE2D271FA46C020005AB44 /* PitchPerfectUITests */,
				C6FE2D061FA46C020005AB44 /* Products */,
			);
			sourceTree = "<group>";
		};
		C6FE2D061FA46C020005AB44 /* Products */ = {
			isa = PBXGroup;
			children = (
				C6FE2D051FA46C020005AB44 /* PitchPerfect.app */,
				C6FE2D191FA46C020005AB44 /* PitchPerfectTests.xctest */,
				C6FE2D241FA46C020005AB44 /* PitchPerfectUITests.xctest */,
			);
			name = Products;
			sourceTree = "<group>";
		};
		C6FE2D071FA46C020005AB44 /* PitchPerfect */ = {
			isa = PBXGroup;
			children = (
				C6FE2D081FA46C020005AB44 /* AppDelegate.swift */,
				C6FE2D0A1FA46C020005AB44 /* RecordsSoundsViewController.swift */,
				C6FE2D361FA48EEA0005AB44 /* PlaySoundsViewController.swift */,
				C681E8B11FA5C936000C5168 /* PlaySoundsViewController+Audio.swift */,
				C6FE2D0C1FA46C020005AB44 /* Main.storyboard */,
				C6FE2D0F1FA46C020005AB44 /* Assets.xcassets */,
				C6FE2D111FA46C020005AB44 /* LaunchScreen.storyboard */,
				C6FE2D141FA46C020005AB44 /* Info.plist */,
			);
			path = PitchPerfect;
			sourceTree = "<group>";
		};
		C6FE2D1C1FA46C020005AB44 /* PitchPerfectTests */ = {
			isa = PBXGroup;
			children = (
				C6FE2D1D1FA46C020005AB44 /* PitchPerfectTests.swift */,
				C6FE2D1F1FA46C020005AB44 /* Info.plist */,
			);
			path = PitchPerfectTests;
			sourceTree = "<group>";
		};
		C6FE2D271FA46C020005AB44 /* PitchPerfectUITests */ = {
			isa = PBXGroup;
			children = (
				C6FE2D281FA46C020005AB44 /* PitchPerfectUITests.swift */,
				C6FE2D2A1FA46C020005AB44 /* Info.plist */,
			);
			path = PitchPerfectUITests;
			sourceTree = "<group>";
		};
/* End PBXGroup section */

/* Begin PBXNativeTarget section */
		C6FE2D041FA46C020005AB44 /* PitchPerfect */ = {
			isa = PBXNativeTarget;
			buildConfigurationList = C6FE2D2D1FA46C020005AB44 /* Build configuration list for PBXNativeTarget "PitchPerfect" */;
			buildPhases = (
				C6FE2D011FA46C020005AB44 /* Sources */,
				C6FE2D021FA46C020005AB44 /* Frameworks */,
				C6FE2D031FA46C020005AB44 /* Resources */,
			);
			buildRules = (
			);
			dependencies = (
			);
			name = PitchPerfect;
			productName = PitchPerfect;
			productReference = C6FE2D051FA46C020005AB44 /* PitchPerfect.app */;
			productType = "com.apple.product-type.application";
		};
		C6FE2D181FA46C020005AB44 /* PitchPerfectTests */ = {
			isa = PBXNativeTarget;
			buildConfigurationList = C6FE2D301FA46C020005AB44 /* Build configuration list for PBXNativeTarget "PitchPerfectTests" */;
			buildPhases = (
				C6FE2D151FA46C020005AB44 /* Sources */,
				C6FE2D161FA46C020005AB44 /* Frameworks */,
				C6FE2D171FA46C020005AB44 /* Resources */,
			);
			buildRules = (
			);
			dependencies = (
				C6FE2D1B1FA46C020005AB44 /* PBXTargetDependency */,
			);
			name = PitchPerfectTests;
			productName = PitchPerfectTests;
			productReference = C6FE2D191FA46C020005AB44 /* PitchPerfectTests.xctest */;
			productType = "com.apple.product-type.bundle.unit-test";
		};
		C6FE2D231FA46C020005AB44 /* PitchPerfectUITests */ = {
			isa = PBXNativeTarget;
			buildConfigurationList = C6FE2D331FA46C020005AB44 /* Build configuration list for PBXNativeTarget "PitchPerfectUITests" */;
			buildPhases = (
				C6FE2D201FA46C020005AB44 /* Sources */,
				C6FE2D211FA46C020005AB44 /* Frameworks */,
				C6FE2D221FA46C020005AB44 /* Resources */,
			);
			buildRules = (
			);
			dependencies = (
				C6FE2D261FA46C020005AB44 /* PBXTargetDependency */,
			);
			name = PitchPerfectUITests;
			productName = PitchPerfectUITests;
			productReference = C6FE2D241FA46C020005AB44 /* PitchPerfectUITests.xctest */;
			productType = "com.apple.product-type.bundle.ui-testing";
		};
/* End PBXNativeTarget section */

/* Begin PBXProject section */
		C6FE2CFD1FA46C020005AB44 /* Project object */ = {
			isa = PBXProject;
			attributes = {
				LastSwiftUpdateCheck = 0900;
				LastUpgradeCheck = 0900;
				ORGANIZATIONNAME = "Tracy Meng";
				TargetAttributes = {
					C6FE2D041FA46C020005AB44 = {
						CreatedOnToolsVersion = 9.0.1;
						ProvisioningStyle = Automatic;
					};
					C6FE2D181FA46C020005AB44 = {
						CreatedOnToolsVersion = 9.0.1;
						ProvisioningStyle = Automatic;
						TestTargetID = C6FE2D041FA46C020005AB44;
					};
					C6FE2D231FA46C020005AB44 = {
						CreatedOnToolsVersion = 9.0.1;
						ProvisioningStyle = Automatic;
						TestTargetID = C6FE2D041FA46C020005AB44;
					};
				};
			};
			buildConfigurationList = C6FE2D001FA46C020005AB44 /* Build configuration list for PBXProject "PitchPerfect" */;
			compatibilityVersion = "Xcode 8.0";
			developmentRegion = en;
			hasScannedForEncodings = 0;
			knownRegions = (
				en,
				Base,
			);
			mainGroup = C6FE2CFC1FA46C020005AB44;
			productRefGroup = C6FE2D061FA46C020005AB44 /* Products */;
			projectDirPath = "";
			projectRoot = "";
			targets = (
				C6FE2D041FA46C020005AB44 /* PitchPerfect */,
				C6FE2D181FA46C020005AB44 /* PitchPerfectTests */,
				C6FE2D231FA46C020005AB44 /* PitchPerfectUITests */,
			);
		};
/* End PBXProject section */

/* Begin PBXResourcesBuildPhase section */
		C6FE2D031FA46C020005AB44 /* Resources */ = {
			isa = PBXResourcesBuildPhase;
			buildActionMask = 2147483647;
			files = (
				C6FE2D131FA46C020005AB44 /* LaunchScreen.storyboard in Resources */,
				C6FE2D101FA46C020005AB44 /* Assets.xcassets in Resources */,
				C6FE2D0E1FA46C020005AB44 /* Main.storyboard in Resources */,
			);
			runOnlyForDeploymentPostprocessing = 0;
		};
		C6FE2D171FA46C020005AB44 /* Resources */ = {
			isa = PBXResourcesBuildPhase;
			buildActionMask = 2147483647;
			files = (
			);
			runOnlyForDeploymentPostprocessing = 0;
		};
		C6FE2D221FA46C020005AB44 /* Resources */ = {
			isa = PBXResourcesBuildPhase;
			buildActionMask = 2147483647;
			files = (
			);
			runOnlyForDeploymentPostprocessing = 0;
		};
/* End PBXResourcesBuildPhase section */

/* Begin PBXSourcesBuildPhase section */
		C6FE2D011FA46C020005AB44 /* Sources */ = {
			isa = PBXSourcesBuildPhase;
			buildActionMask = 2147483647;
			files = (
				C6FE2D0B1FA46C020005AB44 /* RecordsSoundsViewController.swift in Sources */,
				C681E8B21FA5C936000C5168 /* PlaySoundsViewController+Audio.swift in Sources */,
				C6FE2D371FA48EEA0005AB44 /* PlaySoundsViewController.swift in Sources */,
				C6FE2D091FA46C020005AB44 /* AppDelegate.swift in Sources */,
			);
			runOnlyForDeploymentPostprocessing = 0;
		};
		C6FE2D151FA46C020005AB44 /* Sources */ = {
			isa = PBXSourcesBuildPhase;
			buildActionMask = 2147483647;
			files = (
				C6FE2D1E1FA46C020005AB44 /* PitchPerfectTests.swift in Sources */,
			);
			runOnlyForDeploymentPostprocessing = 0;
		};
		C6FE2D201FA46C020005AB44 /* Sources */ = {
			isa = PBXSourcesBuildPhase;
			buildActionMask = 2147483647;
			files = (
				C6FE2D291FA46C020005AB44 /* PitchPerfectUITests.swift in Sources */,
			);
			runOnlyForDeploymentPostprocessing = 0;
		};
/* End PBXSourcesBuildPhase section */

/* Begin PBXTargetDependency section */
		C6FE2D1B1FA46C020005AB44 /* PBXTargetDependency */ = {
			isa = PBXTargetDependency;
			target = C6FE2D041FA46C020005AB44 /* PitchPerfect */;
			targetProxy = C6FE2D1A1FA46C020005AB44 /* PBXContainerItemProxy */;
		};
		C6FE2D261FA46C020005AB44 /* PBXTargetDependency */ = {
			isa = PBXTargetDependency;
			target = C6FE2D041FA46C020005AB44 /* PitchPerfect */;
			targetProxy = C6FE2D251FA46C020005AB44 /* PBXContainerItemProxy */;
		};
/* End PBXTargetDependency section */

/* Begin PBXVariantGroup section */
		C6FE2D0C1FA46C020005AB44 /* Main.storyboard */ = {
			isa = PBXVariantGroup;
			children = (
				C6FE2D0D1FA46C020005AB44 /* Base */,
			);
			name = Main.storyboard;
			sourceTree = "<group>";
		};
		C6FE2D111FA46C020005AB44 /* LaunchScreen.storyboard */ = {
			isa = PBXVariantGroup;
			children = (
				C6FE2D121FA46C020005AB44 /* Base */,
			);
			name = LaunchScreen.storyboard;
			sourceTree = "<group>";
		};
/* End PBXVariantGroup section */

/* Begin XCBuildConfiguration section */
		C6FE2D2B1FA46C020005AB44 /* Debug */ = {
			isa = XCBuildConfiguration;
			buildSettings = {
				ALWAYS_SEARCH_USER_PATHS = NO;
				CLANG_ANALYZER_NONNULL = YES;
				CLANG_ANALYZER_NUMBER_OBJECT_CONVERSION = YES_AGGRESSIVE;
				CLANG_CXX_LANGUAGE_STANDARD = "gnu++14";
				CLANG_CXX_LIBRARY = "libc++";
				CLANG_ENABLE_MODULES = YES;
				CLANG_ENABLE_OBJC_ARC = YES;
				CLANG_WARN_BLOCK_CAPTURE_AUTORELEASING = YES;
				CLANG_WARN_BOOL_CONVERSION = YES;
				CLANG_WARN_COMMA = YES;
				CLANG_WARN_CONSTANT_CONVERSION = YES;
				CLANG_WARN_DIRECT_OBJC_ISA_USAGE = YES_ERROR;
				CLANG_WARN_DOCUMENTATION_COMMENTS = YES;
				CLANG_WARN_EMPTY_BODY = YES;
				CLANG_WARN_ENUM_CONVERSION = YES;
				CLANG_WARN_INFINITE_RECURSION = YES;
				CLANG_WARN_INT_CONVERSION = YES;
				CLANG_WARN_NON_LITERAL_NULL_CONVERSION = YES;
				CLANG_WARN_OBJC_LITERAL_CONVERSION = YES;
				CLANG_WARN_OBJC_ROOT_CLASS = YES_ERROR;
				CLANG_WARN_RANGE_LOOP_ANALYSIS = YES;
				CLANG_WARN_STRICT_PROTOTYPES = YES;
				CLANG_WARN_SUSPICIOUS_MOVE = YES;
				CLANG_WARN_UNGUARDED_AVAILABILITY = YES_AGGRESSIVE;
				CLANG_WARN_UNREACHABLE_CODE = YES;
				CLANG_WARN__DUPLICATE_METHOD_MATCH = YES;
				CODE_SIGN_IDENTITY = "iPhone Developer";
				COPY_PHASE_STRIP = NO;
				DEBUG_INFORMATION_FORMAT = dwarf;
				ENABLE_STRICT_OBJC_MSGSEND = YES;
				ENABLE_TESTABILITY = YES;
				GCC_C_LANGUAGE_STANDARD = gnu11;
				GCC_DYNAMIC_NO_PIC = NO;
				GCC_NO_COMMON_BLOCKS = YES;
				GCC_OPTIMIZATION_LEVEL = 0;
				GCC_PREPROCESSOR_DEFINITIONS = (
					"DEBUG=1",
					"$(inherited)",
				);
				GCC_WARN_64_TO_32_BIT_CONVERSION = YES;
				GCC_WARN_ABOUT_RETURN_TYPE = YES_ERROR;
				GCC_WARN_UNDECLARED_SELECTOR = YES;
				GCC_WARN_UNINITIALIZED_AUTOS = YES_AGGRESSIVE;
				GCC_WARN_UNUSED_FUNCTION = YES;
				GCC_WARN_UNUSED_VARIABLE = YES;
				IPHONEOS_DEPLOYMENT_TARGET = 11.0;
				MTL_ENABLE_DEBUG_INFO = YES;
				ONLY_ACTIVE_ARCH = YES;
				SDKROOT = iphoneos;
				SWIFT_ACTIVE_COMPILATION_CONDITIONS = DEBUG;
				SWIFT_OPTIMIZATION_LEVEL = "-Onone";
			};
			name = Debug;
		};
		C6FE2D2C1FA46C020005AB44 /* Release */ = {
			isa = XCBuildConfiguration;
			buildSettings = {
				ALWAYS_SEARCH_USER_PATHS = NO;
				CLANG_ANALYZER_NONNULL = YES;
				CLANG_ANALYZER_NUMBER_OBJECT_CONVERSION = YES_AGGRESSIVE;
				CLANG_CXX_LANGUAGE_STANDARD = "gnu++14";
				CLANG_CXX_LIBRARY = "libc++";
				CLANG_ENABLE_MODULES = YES;
				CLANG_ENABLE_OBJC_ARC = YES;
				CLANG_WARN_BLOCK_CAPTURE_AUTORELEASING = YES;
				CLANG_WARN_BOOL_CONVERSION = YES;
				CLANG_WARN_COMMA = YES;
				CLANG_WARN_CONSTANT_CONVERSION = YES;
				CLANG_WARN_DIRECT_OBJC_ISA_USAGE = YES_ERROR;
				CLANG_WARN_DOCUMENTATION_COMMENTS = YES;
				CLANG_WARN_EMPTY_BODY = YES;
				CLANG_WARN_ENUM_CONVERSION = YES;
				CLANG_WARN_INFINITE_RECURSION = YES;
				CLANG_WARN_INT_CONVERSION = YES;
				CLANG_WARN_NON_LITERAL_NULL_CONVERSION = YES;
				CLANG_WARN_OBJC_LITERAL_CONVERSION = YES;
				CLANG_WARN_OBJC_ROOT_CLASS = YES_ERROR;
				CLANG_WARN_RANGE_LOOP_ANALYSIS = YES;
				CLANG_WARN_STRICT_PROTOTYPES = YES;
				CLANG_WARN_SUSPICIOUS_MOVE = YES;
				CLANG_WARN_UNGUARDED_AVAILABILITY = YES_AGGRESSIVE;
				CLANG_WARN_UNREACHABLE_CODE = YES;
				CLANG_WARN__DUPLICATE_METHOD_MATCH = YES;
				CODE_SIGN_IDENTITY = "iPhone Developer";
				COPY_PHASE_STRIP = NO;
				DEBUG_INFORMATION_FORMAT = "dwarf-with-dsym";
				ENABLE_NS_ASSERTIONS = NO;
				ENABLE_STRICT_OBJC_MSGSEND = YES;
				GCC_C_LANGUAGE_STANDARD = gnu11;
				GCC_NO_COMMON_BLOCKS = YES;
				GCC_WARN_64_TO_32_BIT_CONVERSION = YES;
				GCC_WARN_ABOUT_RETURN_TYPE = YES_ERROR;
				GCC_WARN_UNDECLARED_SELECTOR = YES;
				GCC_WARN_UNINITIALIZED_AUTOS = YES_AGGRESSIVE;
				GCC_WARN_UNUSED_FUNCTION = YES;
				GCC_WARN_UNUSED_VARIABLE = YES;
				IPHONEOS_DEPLOYMENT_TARGET = 11.0;
				MTL_ENABLE_DEBUG_INFO = NO;
				SDKROOT = iphoneos;
				SWIFT_OPTIMIZATION_LEVEL = "-Owholemodule";
				VALIDATE_PRODUCT = YES;
			};
			name = Release;
		};
		C6FE2D2E1FA46C020005AB44 /* Debug */ = {
			isa = XCBuildConfiguration;
			buildSettings = {
				ASSETCATALOG_COMPILER_APPICON_NAME = AppIcon;
				CODE_SIGN_STYLE = Automatic;
				DEVELOPMENT_TEAM = 5ZAF5LNYFS;
				INFOPLIST_FILE = PitchPerfect/Info.plist;
				LD_RUNPATH_SEARCH_PATHS = "$(inherited) @executable_path/Frameworks";
				PRODUCT_BUNDLE_IDENTIFIER = tracy.PitchPerfect;
				PRODUCT_NAME = "$(TARGET_NAME)";
				SWIFT_VERSION = 4.0;
				TARGETED_DEVICE_FAMILY = "1,2";
			};
			name = Debug;
		};
		C6FE2D2F1FA46C020005AB44 /* Release */ = {
			isa = XCBuildConfiguration;
			buildSettings = {
				ASSETCATALOG_COMPILER_APPICON_NAME = AppIcon;
				CODE_SIGN_STYLE = Automatic;
				DEVELOPMENT_TEAM = 5ZAF5LNYFS;
				INFOPLIST_FILE = PitchPerfect/Info.plist;
				LD_RUNPATH_SEARCH_PATHS = "$(inherited) @executable_path/Frameworks";
				PRODUCT_BUNDLE_IDENTIFIER = tracy.PitchPerfect;
				PRODUCT_NAME = "$(TARGET_NAME)";
				SWIFT_VERSION = 4.0;
				TARGETED_DEVICE_FAMILY = "1,2";
			};
			name = Release;
		};
		C6FE2D311FA46C020005AB44 /* Debug */ = {
			isa = XCBuildConfiguration;
			buildSettings = {
				ALWAYS_EMBED_SWIFT_STANDARD_LIBRARIES = YES;
				BUNDLE_LOADER = "$(TEST_HOST)";
				CODE_SIGN_STYLE = Automatic;
				DEVELOPMENT_TEAM = 5ZAF5LNYFS;
				INFOPLIST_FILE = PitchPerfectTests/Info.plist;
				LD_RUNPATH_SEARCH_PATHS = "$(inherited) @executable_path/Frameworks @loader_path/Frameworks";
				PRODUCT_BUNDLE_IDENTIFIER = tracy.PitchPerfectTests;
				PRODUCT_NAME = "$(TARGET_NAME)";
				SWIFT_VERSION = 4.0;
				TARGETED_DEVICE_FAMILY = "1,2";
				TEST_HOST = "$(BUILT_PRODUCTS_DIR)/PitchPerfect.app/PitchPerfect";
			};
			name = Debug;
		};
		C6FE2D321FA46C020005AB44 /* Release */ = {
			isa = XCBuildConfiguration;
			buildSettings = {
				ALWAYS_EMBED_SWIFT_STANDARD_LIBRARIES = YES;
				BUNDLE_LOADER = "$(TEST_HOST)";
				CODE_SIGN_STYLE = Automatic;
				DEVELOPMENT_TEAM = 5ZAF5LNYFS;
				INFOPLIST_FILE = PitchPerfectTests/Info.plist;
				LD_RUNPATH_SEARCH_PATHS = "$(inherited) @executable_path/Frameworks @loader_path/Frameworks";
				PRODUCT_BUNDLE_IDENTIFIER = tracy.PitchPerfectTests;
				PRODUCT_NAME = "$(TARGET_NAME)";
				SWIFT_VERSION = 4.0;
				TARGETED_DEVICE_FAMILY = "1,2";
				TEST_HOST = "$(BUILT_PRODUCTS_DIR)/PitchPerfect.app/PitchPerfect";
			};
			name = Release;
		};
		C6FE2D341FA46C020005AB44 /* Debug */ = {
			isa = XCBuildConfiguration;
			buildSettings = {
				ALWAYS_EMBED_SWIFT_STANDARD_LIBRARIES = YES;
				CODE_SIGN_STYLE = Automatic;
				DEVELOPMENT_TEAM = 5ZAF5LNYFS;
				INFOPLIST_FILE = PitchPerfectUITests/Info.plist;
				LD_RUNPATH_SEARCH_PATHS = "$(inherited) @executable_path/Frameworks @loader_path/Frameworks";
				PRODUCT_BUNDLE_IDENTIFIER = tracy.PitchPerfectUITests;
				PRODUCT_NAME = "$(TARGET_NAME)";
				SWIFT_VERSION = 4.0;
				TARGETED_DEVICE_FAMILY = "1,2";
				TEST_TARGET_NAME = PitchPerfect;
			};
			name = Debug;
		};
		C6FE2D351FA46C020005AB44 /* Release */ = {
			isa = XCBuildConfiguration;
			buildSettings = {
				ALWAYS_EMBED_SWIFT_STANDARD_LIBRARIES = YES;
				CODE_SIGN_STYLE = Automatic;
				DEVELOPMENT_TEAM = 5ZAF5LNYFS;
				INFOPLIST_FILE = PitchPerfectUITests/Info.plist;
				LD_RUNPATH_SEARCH_PATHS = "$(inherited) @executable_path/Frameworks @loader_path/Frameworks";
				PRODUCT_BUNDLE_IDENTIFIER = tracy.PitchPerfectUITests;
				PRODUCT_NAME = "$(TARGET_NAME)";
				SWIFT_VERSION = 4.0;
				TARGETED_DEVICE_FAMILY = "1,2";
				TEST_TARGET_NAME = PitchPerfect;
			};
			name = Release;
		};
/* End XCBuildConfiguration section */

/* Begin XCConfigurationList section */
		C6FE2D001FA46C020005AB44 /* Build configuration list for PBXProject "PitchPerfect" */ = {
			isa = XCConfigurationList;
			buildConfigurations = (
				C6FE2D2B1FA46C020005AB44 /* Debug */,
				C6FE2D2C1FA46C020005AB44 /* Release */,
			);
			defaultConfigurationIsVisible = 0;
			defaultConfigurationName = Release;
		};
		C6FE2D2D1FA46C020005AB44 /* Build configuration list for PBXNativeTarget "PitchPerfect" */ = {
			isa = XCConfigurationList;
			buildConfigurations = (
				C6FE2D2E1FA46C020005AB44 /* Debug */,
				C6FE2D2F1FA46C020005AB44 /* Release */,
			);
			defaultConfigurationIsVisible = 0;
			defaultConfigurationName = Release;
		};
		C6FE2D301FA46C020005AB44 /* Build configuration list for PBXNativeTarget "PitchPerfectTests" */ = {
			isa = XCConfigurationList;
			buildConfigurations = (
				C6FE2D311FA46C020005AB44 /* Debug */,
				C6FE2D321FA46C020005AB44 /* Release */,
			);
			defaultConfigurationIsVisible = 0;
			defaultConfigurationName = Release;
		};
		C6FE2D331FA46C020005AB44 /* Build configuration list for PBXNativeTarget "PitchPerfectUITests" */ = {
			isa = XCConfigurationList;
			buildConfigurations = (
				C6FE2D341FA46C020005AB44 /* Debug */,
				C6FE2D351FA46C020005AB44 /* Release */,
			);
			defaultConfigurationIsVisible = 0;
			defaultConfigurationName = Release;
		};
/* End XCConfigurationList section */
	};
	rootObject = C6FE2CFD1FA46C020005AB44 /* Project object */;
}
